
Microsoft Visual Studio Solution File, Format Version 12.00
# Visual Studio Version 16
VisualStudioVersion = 16.0.31019.35
MinimumVisualStudioVersion = 10.0.40219.1
Project("{FAE04EC0-301F-11D3-BF4B-00C04F79EFBC}") = "PromotionEngineChallange", "PromotionEngineChallange\PromotionEngineChallange.csproj", "{293A0216-9F7A-43A3-BED3-0717B19AF962}"
EndProject
Project("{FAE04EC0-301F-11D3-BF4B-00C04F79EFBC}") = "PromotionEngineChallange.Test", "PromotionEngineChallange.Test\PromotionEngineChallange.Test.csproj", "{416CAA64-8ABD-49E7-90B1-71A4C6270A18}"
EndProject
Global
	GlobalSection(SolutionConfigurationPlatforms) = preSolution
		Debug|Any CPU = Debug|Any CPU
		Release|Any CPU = Release|Any CPU
	EndGlobalSection
	GlobalSection(ProjectConfigurationPlatforms) = postSolution
		{293A0216-9F7A-43A3-BED3-0717B19AF962}.Debug|Any CPU.ActiveCfg = Debug|Any CPU
		{293A0216-9F7A-43A3-BED3-0717B19AF962}.Debug|Any CPU.Build.0 = Debug|Any CPU
		{293A0216-9F7A-43A3-BED3-0717B19AF962}.Release|Any CPU.ActiveCfg = Release|Any CPU
		{293A0216-9F7A-43A3-BED3-0717B19AF962}.Release|Any CPU.Build.0 = Release|Any CPU
		{416CAA64-8ABD-49E7-90B1-71A4C6270A18}.Debug|Any CPU.ActiveCfg = Debug|Any CPU
		{416CAA64-8ABD-49E7-90B1-71A4C6270A18}.Debug|Any CPU.Build.0 = Debug|Any CPU
		{416CAA64-8ABD-49E7-90B1-71A4C6270A18}.Release|Any CPU.ActiveCfg = Release|Any CPU
		{416CAA64-8ABD-49E7-90B1-71A4C6270A18}.Release|Any CPU.Build.0 = Release|Any CPU
	EndGlobalSection
	GlobalSection(SolutionProperties) = preSolution
		HideSolutionNode = FALSE
	EndGlobalSection
	GlobalSection(ExtensibilityGlobals) = postSolution
		SolutionGuid = {1CDD1F44-34DE-482F-90CF-623B47DD42BE}
	EndGlobalSection
EndGlobal
